
Microsoft Visual Studio Solution File, Format Version 12.00
# Visual Studio Version 16
VisualStudioVersion = 16.0.32002.261
MinimumVisualStudioVersion = 10.0.40219.1
Project("{FAE04EC0-301F-11D3-BF4B-00C04F79EFBC}") = "Prak9_2", "Prak9_2\Prak9_2.csproj", "{46CFFE40-0060-4A8A-8F03-603C1466AEDB}"
EndProject
Global
	GlobalSection(SolutionConfigurationPlatforms) = preSolution
		Debug|Any CPU = Debug|Any CPU
		Release|Any CPU = Release|Any CPU
	EndGlobalSection
	GlobalSection(ProjectConfigurationPlatforms) = postSolution
		{46CFFE40-0060-4A8A-8F03-603C1466AEDB}.Debug|Any CPU.ActiveCfg = Debug|Any CPU
		{46CFFE40-0060-4A8A-8F03-603C1466AEDB}.Debug|Any CPU.Build.0 = Debug|Any CPU
		{46CFFE40-0060-4A8A-8F03-603C1466AEDB}.Release|Any CPU.ActiveCfg = Release|Any CPU
		{46CFFE40-0060-4A8A-8F03-603C1466AEDB}.Release|Any CPU.Build.0 = Release|Any CPU
	EndGlobalSection
	GlobalSection(SolutionProperties) = preSolution
		HideSolutionNode = FALSE
	EndGlobalSection
	GlobalSection(ExtensibilityGlobals) = postSolution
		SolutionGuid = {BAEDEE26-F26C-4320-A020-6D18EDCCC94F}
	EndGlobalSection
EndGlobal
