
Microsoft Visual Studio Solution File, Format Version 12.00
# Visual Studio Version 16
VisualStudioVersion = 16.0.31727.386
MinimumVisualStudioVersion = 10.0.40219.1
Project("{FAE04EC0-301F-11D3-BF4B-00C04F79EFBC}") = "Lat3_2", "Lat3_2\Lat3_2.csproj", "{44841A88-B9D7-42A7-A79C-DA1382AF4E08}"
EndProject
Global
	GlobalSection(SolutionConfigurationPlatforms) = preSolution
		Debug|Any CPU = Debug|Any CPU
		Release|Any CPU = Release|Any CPU
	EndGlobalSection
	GlobalSection(ProjectConfigurationPlatforms) = postSolution
		{44841A88-B9D7-42A7-A79C-DA1382AF4E08}.Debug|Any CPU.ActiveCfg = Debug|Any CPU
		{44841A88-B9D7-42A7-A79C-DA1382AF4E08}.Debug|Any CPU.Build.0 = Debug|Any CPU
		{44841A88-B9D7-42A7-A79C-DA1382AF4E08}.Release|Any CPU.ActiveCfg = Release|Any CPU
		{44841A88-B9D7-42A7-A79C-DA1382AF4E08}.Release|Any CPU.Build.0 = Release|Any CPU
	EndGlobalSection
	GlobalSection(SolutionProperties) = preSolution
		HideSolutionNode = FALSE
	EndGlobalSection
	GlobalSection(ExtensibilityGlobals) = postSolution
		SolutionGuid = {D383FB03-BE7A-4D09-8E8E-E435B1220C15}
	EndGlobalSection
EndGlobal
