
Microsoft Visual Studio Solution File, Format Version 12.00
# Visual Studio Version 16
VisualStudioVersion = 16.0.31727.386
MinimumVisualStudioVersion = 10.0.40219.1
Project("{FAE04EC0-301F-11D3-BF4B-00C04F79EFBC}") = "Prak8", "Prak8\Prak8.csproj", "{8D53001C-0BF2-43E2-BF85-6CC1489F7965}"
EndProject
Global
	GlobalSection(SolutionConfigurationPlatforms) = preSolution
		Debug|Any CPU = Debug|Any CPU
		Release|Any CPU = Release|Any CPU
	EndGlobalSection
	GlobalSection(ProjectConfigurationPlatforms) = postSolution
		{8D53001C-0BF2-43E2-BF85-6CC1489F7965}.Debug|Any CPU.ActiveCfg = Debug|Any CPU
		{8D53001C-0BF2-43E2-BF85-6CC1489F7965}.Debug|Any CPU.Build.0 = Debug|Any CPU
		{8D53001C-0BF2-43E2-BF85-6CC1489F7965}.Release|Any CPU.ActiveCfg = Release|Any CPU
		{8D53001C-0BF2-43E2-BF85-6CC1489F7965}.Release|Any CPU.Build.0 = Release|Any CPU
	EndGlobalSection
	GlobalSection(SolutionProperties) = preSolution
		HideSolutionNode = FALSE
	EndGlobalSection
	GlobalSection(ExtensibilityGlobals) = postSolution
		SolutionGuid = {EAAA079A-B298-4CEE-AD67-AA4CB4F0CB40}
	EndGlobalSection
EndGlobal
